
Microsoft Visual Studio Solution File, Format Version 12.00
# Visual Studio Version 17
VisualStudioVersion = 17.7.34031.279
MinimumVisualStudioVersion = 10.0.40219.1
Project("{FAE04EC0-301F-11D3-BF4B-00C04F79EFBC}") = "MegaDesk ASP.NET Core Razor Web Application", "MegaDesk ASP.NET Core Razor Web Application.csproj", "{42904BBC-735E-42E7-81BE-E9B655201C42}"
EndProject
Global
	GlobalSection(SolutionConfigurationPlatforms) = preSolution
		Debug|Any CPU = Debug|Any CPU
		Release|Any CPU = Release|Any CPU
	EndGlobalSection
	GlobalSection(ProjectConfigurationPlatforms) = postSolution
		{42904BBC-735E-42E7-81BE-E9B655201C42}.Debug|Any CPU.ActiveCfg = Debug|Any CPU
		{42904BBC-735E-42E7-81BE-E9B655201C42}.Debug|Any CPU.Build.0 = Debug|Any CPU
		{42904BBC-735E-42E7-81BE-E9B655201C42}.Release|Any CPU.ActiveCfg = Release|Any CPU
		{42904BBC-735E-42E7-81BE-E9B655201C42}.Release|Any CPU.Build.0 = Release|Any CPU
	EndGlobalSection
	GlobalSection(SolutionProperties) = preSolution
		HideSolutionNode = FALSE
	EndGlobalSection
	GlobalSection(ExtensibilityGlobals) = postSolution
		SolutionGuid = {82F822C0-C75B-4A4C-B813-4E65C4F5B848}
	EndGlobalSection
EndGlobal
